
Microsoft Visual Studio Solution File, Format Version 12.00
# Visual Studio Version 17
VisualStudioVersion = 17.11.35208.52
MinimumVisualStudioVersion = 10.0.40219.1
Project("{FAE04EC0-301F-11D3-BF4B-00C04F79EFBC}") = "Gerenciador-de-Inventario-MVC", "Gerenciador-de-Inventario-MVC\Gerenciador-de-Inventario-MVC.csproj", "{FC324740-C5AE-4F93-A02D-7AB722074386}"
EndProject
Global
	GlobalSection(SolutionConfigurationPlatforms) = preSolution
		Debug|Any CPU = Debug|Any CPU
		Release|Any CPU = Release|Any CPU
	EndGlobalSection
	GlobalSection(ProjectConfigurationPlatforms) = postSolution
		{FC324740-C5AE-4F93-A02D-7AB722074386}.Debug|Any CPU.ActiveCfg = Debug|Any CPU
		{FC324740-C5AE-4F93-A02D-7AB722074386}.Debug|Any CPU.Build.0 = Debug|Any CPU
		{FC324740-C5AE-4F93-A02D-7AB722074386}.Release|Any CPU.ActiveCfg = Release|Any CPU
		{FC324740-C5AE-4F93-A02D-7AB722074386}.Release|Any CPU.Build.0 = Release|Any CPU
	EndGlobalSection
	GlobalSection(SolutionProperties) = preSolution
		HideSolutionNode = FALSE
	EndGlobalSection
	GlobalSection(ExtensibilityGlobals) = postSolution
		SolutionGuid = {188C7DA0-D006-4D60-A06B-909A1543B79C}
	EndGlobalSection
EndGlobal
